// !$*UTF8*$!
{
	archiveVersion = 1;
	classes = {
	};
	objectVersion = 55;
	objects = {

/* Begin PBXBuildFile section */
		3CB930642862EE45005B16C0 /* AppDelegate.swift in Sources */ = {isa = PBXBuildFile; fileRef = 3CB930632862EE45005B16C0 /* AppDelegate.swift */; };
		3CB930662862EE45005B16C0 /* SceneDelegate.swift in Sources */ = {isa = PBXBuildFile; fileRef = 3CB930652862EE45005B16C0 /* SceneDelegate.swift */; };
		3CB930682862EE45005B16C0 /* ViewController.swift in Sources */ = {isa = PBXBuildFile; fileRef = 3CB930672862EE45005B16C0 /* ViewController.swift */; };
		3CB9306D2862EE49005B16C0 /* Assets.xcassets in Resources */ = {isa = PBXBuildFile; fileRef = 3CB9306C2862EE49005B16C0 /* Assets.xcassets */; };
		3CB930702862EE49005B16C0 /* LaunchScreen.storyboard in Resources */ = {isa = PBXBuildFile; fileRef = 3CB9306E2862EE49005B16C0 /* LaunchScreen.storyboard */; };
		3CB9307D2862EF90005B16C0 /* NetworkService.swift in Sources */ = {isa = PBXBuildFile; fileRef = 3CB930792862EF90005B16C0 /* NetworkService.swift */; };
		3CB9307E2862EF90005B16C0 /* DataFetcherService.swift in Sources */ = {isa = PBXBuildFile; fileRef = 3CB9307A2862EF90005B16C0 /* DataFetcherService.swift */; };
		3CB9307F2862EF90005B16C0 /* NetworkDataFetcher.swift in Sources */ = {isa = PBXBuildFile; fileRef = 3CB9307B2862EF90005B16C0 /* NetworkDataFetcher.swift */; };
		3CB930812862F2E7005B16C0 /* Model.swift in Sources */ = {isa = PBXBuildFile; fileRef = 3CB930802862F2E7005B16C0 /* Model.swift */; };
		3CB930842862F4AA005B16C0 /* ViewModel.swift in Sources */ = {isa = PBXBuildFile; fileRef = 3CB930832862F4AA005B16C0 /* ViewModel.swift */; };
		3CB930862862F685005B16C0 /* UIImageView + Extension.swift in Sources */ = {isa = PBXBuildFile; fileRef = 3CB930852862F685005B16C0 /* UIImageView + Extension.swift */; };
		3CB930882862FB88005B16C0 /* UILabel + Extension.swift in Sources */ = {isa = PBXBuildFile; fileRef = 3CB930872862FB88005B16C0 /* UILabel + Extension.swift */; };
		3CB9308B28630346005B16C0 /* UIButton + Extension.swift in Sources */ = {isa = PBXBuildFile; fileRef = 3CB9308A28630346005B16C0 /* UIButton + Extension.swift */; };
		3CB9308D28630683005B16C0 /* UIStackView + Extension.swift in Sources */ = {isa = PBXBuildFile; fileRef = 3CB9308C28630682005B16C0 /* UIStackView + Extension.swift */; };
/* End PBXBuildFile section */

/* Begin PBXFileReference section */
		3CB930602862EE45005B16C0 /* TestPryaniky.app */ = {isa = PBXFileReference; explicitFileType = wrapper.application; includeInIndex = 0; path = TestPryaniky.app; sourceTree = BUILT_PRODUCTS_DIR; };
		3CB930632862EE45005B16C0 /* AppDelegate.swift */ = {isa = PBXFileReference; lastKnownFileType = sourcecode.swift; path = AppDelegate.swift; sourceTree = "<group>"; };
		3CB930652862EE45005B16C0 /* SceneDelegate.swift */ = {isa = PBXFileReference; lastKnownFileType = sourcecode.swift; path = SceneDelegate.swift; sourceTree = "<group>"; };
		3CB930672862EE45005B16C0 /* ViewController.swift */ = {isa = PBXFileReference; lastKnownFileType = sourcecode.swift; path = ViewController.swift; sourceTree = "<group>"; };
		3CB9306C2862EE49005B16C0 /* Assets.xcassets */ = {isa = PBXFileReference; lastKnownFileType = folder.assetcatalog; path = Assets.xcassets; sourceTree = "<group>"; };
		3CB9306F2862EE49005B16C0 /* Base */ = {isa = PBXFileReference; lastKnownFileType = file.storyboard; name = Base; path = Base.lproj/LaunchScreen.storyboard; sourceTree = "<group>"; };
		3CB930712862EE49005B16C0 /* Info.plist */ = {isa = PBXFileReference; lastKnownFileType = text.plist.xml; path = Info.plist; sourceTree = "<group>"; };
		3CB930792862EF90005B16C0 /* NetworkService.swift */ = {isa = PBXFileReference; fileEncoding = 4; lastKnownFileType = sourcecode.swift; path = NetworkService.swift; sourceTree = "<group>"; };
		3CB9307A2862EF90005B16C0 /* DataFetcherService.swift */ = {isa = PBXFileReference; fileEncoding = 4; lastKnownFileType = sourcecode.swift; path = DataFetcherService.swift; sourceTree = "<group>"; };
		3CB9307B2862EF90005B16C0 /* NetworkDataFetcher.swift */ = {isa = PBXFileReference; fileEncoding = 4; lastKnownFileType = sourcecode.swift; path = NetworkDataFetcher.swift; sourceTree = "<group>"; };
		3CB930802862F2E7005B16C0 /* Model.swift */ = {isa = PBXFileReference; lastKnownFileType = sourcecode.swift; path = Model.swift; sourceTree = "<group>"; };
		3CB930832862F4AA005B16C0 /* ViewModel.swift */ = {isa = PBXFileReference; lastKnownFileType = sourcecode.swift; path = ViewModel.swift; sourceTree = "<group>"; };
		3CB930852862F685005B16C0 /* UIImageView + Extension.swift */ = {isa = PBXFileReference; fileEncoding = 4; lastKnownFileType = sourcecode.swift; path = "UIImageView + Extension.swift"; sourceTree = "<group>"; };
		3CB930872862FB88005B16C0 /* UILabel + Extension.swift */ = {isa = PBXFileReference; fileEncoding = 4; lastKnownFileType = sourcecode.swift; path = "UILabel + Extension.swift"; sourceTree = "<group>"; };
		3CB9308A28630346005B16C0 /* UIButton + Extension.swift */ = {isa = PBXFileReference; lastKnownFileType = sourcecode.swift; path = "UIButton + Extension.swift"; sourceTree = "<group>"; };
		3CB9308C28630682005B16C0 /* UIStackView + Extension.swift */ = {isa = PBXFileReference; fileEncoding = 4; lastKnownFileType = sourcecode.swift; path = "UIStackView + Extension.swift"; sourceTree = "<group>"; };
/* End PBXFileReference section */

/* Begin PBXFrameworksBuildPhase section */
		3CB9305D2862EE45005B16C0 /* Frameworks */ = {
			isa = PBXFrameworksBuildPhase;
			buildActionMask = 2147483647;
			files = (
			);
			runOnlyForDeploymentPostprocessing = 0;
		};
/* End PBXFrameworksBuildPhase section */

/* Begin PBXGroup section */
		3CB930572862EE45005B16C0 = {
			isa = PBXGroup;
			children = (
				3CB930622862EE45005B16C0 /* TestPryaniky */,
				3CB930612862EE45005B16C0 /* Products */,
			);
			sourceTree = "<group>";
		};
		3CB930612862EE45005B16C0 /* Products */ = {
			isa = PBXGroup;
			children = (
				3CB930602862EE45005B16C0 /* TestPryaniky.app */,
			);
			name = Products;
			sourceTree = "<group>";
		};
		3CB930622862EE45005B16C0 /* TestPryaniky */ = {
			isa = PBXGroup;
			children = (
				3CB930632862EE45005B16C0 /* AppDelegate.swift */,
				3CB930652862EE45005B16C0 /* SceneDelegate.swift */,
				3CB930822862F2FF005B16C0 /* Models */,
				3CB930772862EF90005B16C0 /* Network */,
				3CB930C52863847E005B16C0 /* ViewModel */,
				3CB930C62863848D005B16C0 /* View */,
				3CB930892862FB8E005B16C0 /* Extensions */,
				3CB9306C2862EE49005B16C0 /* Assets.xcassets */,
				3CB9306E2862EE49005B16C0 /* LaunchScreen.storyboard */,
				3CB930712862EE49005B16C0 /* Info.plist */,
			);
			path = TestPryaniky;
			sourceTree = "<group>";
		};
		3CB930772862EF90005B16C0 /* Network */ = {
			isa = PBXGroup;
			children = (
				3CB930792862EF90005B16C0 /* NetworkService.swift */,
				3CB9307B2862EF90005B16C0 /* NetworkDataFetcher.swift */,
				3CB9307A2862EF90005B16C0 /* DataFetcherService.swift */,
			);
			path = Network;
			sourceTree = "<group>";
		};
		3CB930822862F2FF005B16C0 /* Models */ = {
			isa = PBXGroup;
			children = (
				3CB930802862F2E7005B16C0 /* Model.swift */,
			);
			path = Models;
			sourceTree = "<group>";
		};
		3CB930892862FB8E005B16C0 /* Extensions */ = {
			isa = PBXGroup;
			children = (
				3CB930852862F685005B16C0 /* UIImageView + Extension.swift */,
				3CB930872862FB88005B16C0 /* UILabel + Extension.swift */,
				3CB9308A28630346005B16C0 /* UIButton + Extension.swift */,
				3CB9308C28630682005B16C0 /* UIStackView + Extension.swift */,
			);
			path = Extensions;
			sourceTree = "<group>";
		};
		3CB930C52863847E005B16C0 /* ViewModel */ = {
			isa = PBXGroup;
			children = (
				3CB930832862F4AA005B16C0 /* ViewModel.swift */,
			);
			path = ViewModel;
			sourceTree = "<group>";
		};
		3CB930C62863848D005B16C0 /* View */ = {
			isa = PBXGroup;
			children = (
				3CB930672862EE45005B16C0 /* ViewController.swift */,
			);
			path = View;
			sourceTree = "<group>";
		};
/* End PBXGroup section */

/* Begin PBXNativeTarget section */
		3CB9305F2862EE45005B16C0 /* TestPryaniky */ = {
			isa = PBXNativeTarget;
			buildConfigurationList = 3CB930742862EE49005B16C0 /* Build configuration list for PBXNativeTarget "TestPryaniky" */;
			buildPhases = (
				3CB9305C2862EE45005B16C0 /* Sources */,
				3CB9305D2862EE45005B16C0 /* Frameworks */,
				3CB9305E2862EE45005B16C0 /* Resources */,
			);
			buildRules = (
			);
			dependencies = (
			);
			name = TestPryaniky;
			productName = TestPryaniky;
			productReference = 3CB930602862EE45005B16C0 /* TestPryaniky.app */;
			productType = "com.apple.product-type.application";
		};
/* End PBXNativeTarget section */

/* Begin PBXProject section */
		3CB930582862EE45005B16C0 /* Project object */ = {
			isa = PBXProject;
			attributes = {
				BuildIndependentTargetsInParallel = 1;
				LastSwiftUpdateCheck = 1340;
				LastUpgradeCheck = 1340;
				TargetAttributes = {
					3CB9305F2862EE45005B16C0 = {
						CreatedOnToolsVersion = 13.4.1;
					};
				};
			};
			buildConfigurationList = 3CB9305B2862EE45005B16C0 /* Build configuration list for PBXProject "TestPryaniky" */;
			compatibilityVersion = "Xcode 13.0";
			developmentRegion = en;
			hasScannedForEncodings = 0;
			knownRegions = (
				en,
				Base,
			);
			mainGroup = 3CB930572862EE45005B16C0;
			productRefGroup = 3CB930612862EE45005B16C0 /* Products */;
			projectDirPath = "";
			projectRoot = "";
			targets = (
				3CB9305F2862EE45005B16C0 /* TestPryaniky */,
			);
		};
/* End PBXProject section */

/* Begin PBXResourcesBuildPhase section */
		3CB9305E2862EE45005B16C0 /* Resources */ = {
			isa = PBXResourcesBuildPhase;
			buildActionMask = 2147483647;
			files = (
				3CB930702862EE49005B16C0 /* LaunchScreen.storyboard in Resources */,
				3CB9306D2862EE49005B16C0 /* Assets.xcassets in Resources */,
			);
			runOnlyForDeploymentPostprocessing = 0;
		};
/* End PBXResourcesBuildPhase section */

/* Begin PBXSourcesBuildPhase section */
		3CB9305C2862EE45005B16C0 /* Sources */ = {
			isa = PBXSourcesBuildPhase;
			buildActionMask = 2147483647;
			files = (
				3CB930812862F2E7005B16C0 /* Model.swift in Sources */,
				3CB9308B28630346005B16C0 /* UIButton + Extension.swift in Sources */,
				3CB9307F2862EF90005B16C0 /* NetworkDataFetcher.swift in Sources */,
				3CB9308D28630683005B16C0 /* UIStackView + Extension.swift in Sources */,
				3CB9307D2862EF90005B16C0 /* NetworkService.swift in Sources */,
				3CB930682862EE45005B16C0 /* ViewController.swift in Sources */,
				3CB930642862EE45005B16C0 /* AppDelegate.swift in Sources */,
				3CB930862862F685005B16C0 /* UIImageView + Extension.swift in Sources */,
				3CB930882862FB88005B16C0 /* UILabel + Extension.swift in Sources */,
				3CB930662862EE45005B16C0 /* SceneDelegate.swift in Sources */,
				3CB930842862F4AA005B16C0 /* ViewModel.swift in Sources */,
				3CB9307E2862EF90005B16C0 /* DataFetcherService.swift in Sources */,
			);
			runOnlyForDeploymentPostprocessing = 0;
		};
/* End PBXSourcesBuildPhase section */

/* Begin PBXVariantGroup section */
		3CB9306E2862EE49005B16C0 /* LaunchScreen.storyboard */ = {
			isa = PBXVariantGroup;
			children = (
				3CB9306F2862EE49005B16C0 /* Base */,
			);
			name = LaunchScreen.storyboard;
			sourceTree = "<group>";
		};
/* End PBXVariantGroup section */

/* Begin XCBuildConfiguration section */
		3CB930722862EE49005B16C0 /* Debug */ = {
			isa = XCBuildConfiguration;
			buildSettings = {
				ALWAYS_SEARCH_USER_PATHS = NO;
				CLANG_ANALYZER_NONNULL = YES;
				CLANG_ANALYZER_NUMBER_OBJECT_CONVERSION = YES_AGGRESSIVE;
				CLANG_CXX_LANGUAGE_STANDARD = "gnu++17";
				CLANG_ENABLE_MODULES = YES;
				CLANG_ENABLE_OBJC_ARC = YES;
				CLANG_ENABLE_OBJC_WEAK = YES;
				CLANG_WARN_BLOCK_CAPTURE_AUTORELEASING = YES;
				CLANG_WARN_BOOL_CONVERSION = YES;
				CLANG_WARN_COMMA = YES;
				CLANG_WARN_CONSTANT_CONVERSION = YES;
				CLANG_WARN_DEPRECATED_OBJC_IMPLEMENTATIONS = YES;
				CLANG_WARN_DIRECT_OBJC_ISA_USAGE = YES_ERROR;
				CLANG_WARN_DOCUMENTATION_COMMENTS = YES;
				CLANG_WARN_EMPTY_BODY = YES;
				CLANG_WARN_ENUM_CONVERSION = YES;
				CLANG_WARN_INFINITE_RECURSION = YES;
				CLANG_WARN_INT_CONVERSION = YES;
				CLANG_WARN_NON_LITERAL_NULL_CONVERSION = YES;
				CLANG_WARN_OBJC_IMPLICIT_RETAIN_SELF = YES;
				CLANG_WARN_OBJC_LITERAL_CONVERSION = YES;
				CLANG_WARN_OBJC_ROOT_CLASS = YES_ERROR;
				CLANG_WARN_QUOTED_INCLUDE_IN_FRAMEWORK_HEADER = YES;
				CLANG_WARN_RANGE_LOOP_ANALYSIS = YES;
				CLANG_WARN_STRICT_PROTOTYPES = YES;
				CLANG_WARN_SUSPICIOUS_MOVE = YES;
				CLANG_WARN_UNGUARDED_AVAILABILITY = YES_AGGRESSIVE;
				CLANG_WARN_UNREACHABLE_CODE = YES;
				CLANG_WARN__DUPLICATE_METHOD_MATCH = YES;
				COPY_PHASE_STRIP = NO;
				DEBUG_INFORMATION_FORMAT = dwarf;
				ENABLE_STRICT_OBJC_MSGSEND = YES;
				ENABLE_TESTABILITY = YES;
				GCC_C_LANGUAGE_STANDARD = gnu11;
				GCC_DYNAMIC_NO_PIC = NO;
				GCC_NO_COMMON_BLOCKS = YES;
				GCC_OPTIMIZATION_LEVEL = 0;
				GCC_PREPROCESSOR_DEFINITIONS = (
					"DEBUG=1",
					"$(inherited)",
				);
				GCC_WARN_64_TO_32_BIT_CONVERSION = YES;
				GCC_WARN_ABOUT_RETURN_TYPE = YES_ERROR;
				GCC_WARN_UNDECLARED_SELECTOR = YES;
				GCC_WARN_UNINITIALIZED_AUTOS = YES_AGGRESSIVE;
				GCC_WARN_UNUSED_FUNCTION = YES;
				GCC_WARN_UNUSED_VARIABLE = YES;
				IPHONEOS_DEPLOYMENT_TARGET = 15.5;
				MTL_ENABLE_DEBUG_INFO = INCLUDE_SOURCE;
				MTL_FAST_MATH = YES;
				ONLY_ACTIVE_ARCH = YES;
				SDKROOT = iphoneos;
				SWIFT_ACTIVE_COMPILATION_CONDITIONS = DEBUG;
				SWIFT_OPTIMIZATION_LEVEL = "-Onone";
			};
			name = Debug;
		};
		3CB930732862EE49005B16C0 /* Release */ = {
			isa = XCBuildConfiguration;
			buildSettings = {
				ALWAYS_SEARCH_USER_PATHS = NO;
				CLANG_ANALYZER_NONNULL = YES;
				CLANG_ANALYZER_NUMBER_OBJECT_CONVERSION = YES_AGGRESSIVE;
				CLANG_CXX_LANGUAGE_STANDARD = "gnu++17";
				CLANG_ENABLE_MODULES = YES;
				CLANG_ENABLE_OBJC_ARC = YES;
				CLANG_ENABLE_OBJC_WEAK = YES;
				CLANG_WARN_BLOCK_CAPTURE_AUTORELEASING = YES;
				CLANG_WARN_BOOL_CONVERSION = YES;
				CLANG_WARN_COMMA = YES;
				CLANG_WARN_CONSTANT_CONVERSION = YES;
				CLANG_WARN_DEPRECATED_OBJC_IMPLEMENTATIONS = YES;
				CLANG_WARN_DIRECT_OBJC_ISA_USAGE = YES_ERROR;
				CLANG_WARN_DOCUMENTATION_COMMENTS = YES;
				CLANG_WARN_EMPTY_BODY = YES;
				CLANG_WARN_ENUM_CONVERSION = YES;
				CLANG_WARN_INFINITE_RECURSION = YES;
				CLANG_WARN_INT_CONVERSION = YES;
				CLANG_WARN_NON_LITERAL_NULL_CONVERSION = YES;
				CLANG_WARN_OBJC_IMPLICIT_RETAIN_SELF = YES;
				CLANG_WARN_OBJC_LITERAL_CONVERSION = YES;
				CLANG_WARN_OBJC_ROOT_CLASS = YES_ERROR;
				CLANG_WARN_QUOTED_INCLUDE_IN_FRAMEWORK_HEADER = YES;
				CLANG_WARN_RANGE_LOOP_ANALYSIS = YES;
				CLANG_WARN_STRICT_PROTOTYPES = YES;
				CLANG_WARN_SUSPICIOUS_MOVE = YES;
				CLANG_WARN_UNGUARDED_AVAILABILITY = YES_AGGRESSIVE;
				CLANG_WARN_UNREACHABLE_CODE = YES;
				CLANG_WARN__DUPLICATE_METHOD_MATCH = YES;
				COPY_PHASE_STRIP = NO;
				DEBUG_INFORMATION_FORMAT = "dwarf-with-dsym";
				ENABLE_NS_ASSERTIONS = NO;
				ENABLE_STRICT_OBJC_MSGSEND = YES;
				GCC_C_LANGUAGE_STANDARD = gnu11;
				GCC_NO_COMMON_BLOCKS = YES;
				GCC_WARN_64_TO_32_BIT_CONVERSION = YES;
				GCC_WARN_ABOUT_RETURN_TYPE = YES_ERROR;
				GCC_WARN_UNDECLARED_SELECTOR = YES;
				GCC_WARN_UNINITIALIZED_AUTOS = YES_AGGRESSIVE;
				GCC_WARN_UNUSED_FUNCTION = YES;
				GCC_WARN_UNUSED_VARIABLE = YES;
				IPHONEOS_DEPLOYMENT_TARGET = 15.5;
				MTL_ENABLE_DEBUG_INFO = NO;
				MTL_FAST_MATH = YES;
				SDKROOT = iphoneos;
				SWIFT_COMPILATION_MODE = wholemodule;
				SWIFT_OPTIMIZATION_LEVEL = "-O";
				VALIDATE_PRODUCT = YES;
			};
			name = Release;
		};
		3CB930752862EE49005B16C0 /* Debug */ = {
			isa = XCBuildConfiguration;
			buildSettings = {
				ASSETCATALOG_COMPILER_APPICON_NAME = AppIcon;
				ASSETCATALOG_COMPILER_GLOBAL_ACCENT_COLOR_NAME = AccentColor;
				CODE_SIGN_STYLE = Automatic;
				CURRENT_PROJECT_VERSION = 1;
				DEVELOPMENT_TEAM = RQYPG8XK25;
				GENERATE_INFOPLIST_FILE = YES;
				INFOPLIST_FILE = TestPryaniky/Info.plist;
				INFOPLIST_KEY_UIApplicationSupportsIndirectInputEvents = YES;
				INFOPLIST_KEY_UILaunchStoryboardName = LaunchScreen;
				INFOPLIST_KEY_UISupportedInterfaceOrientations_iPad = "UIInterfaceOrientationPortrait UIInterfaceOrientationPortraitUpsideDown UIInterfaceOrientationLandscapeLeft UIInterfaceOrientationLandscapeRight";
				INFOPLIST_KEY_UISupportedInterfaceOrientations_iPhone = "UIInterfaceOrientationPortrait UIInterfaceOrientationLandscapeLeft UIInterfaceOrientationLandscapeRight";
				LD_RUNPATH_SEARCH_PATHS = (
					"$(inherited)",
					"@executable_path/Frameworks",
				);
				MARKETING_VERSION = 1.0;
				PRODUCT_BUNDLE_IDENTIFIER = com.ckost9n.TestPryaniky;
				PRODUCT_NAME = "$(TARGET_NAME)";
				SWIFT_EMIT_LOC_STRINGS = YES;
				SWIFT_VERSION = 5.0;
				TARGETED_DEVICE_FAMILY = "1,2";
			};
			name = Debug;
		};
		3CB930762862EE49005B16C0 /* Release */ = {
			isa = XCBuildConfiguration;
			buildSettings = {
				ASSETCATALOG_COMPILER_APPICON_NAME = AppIcon;
				ASSETCATALOG_COMPILER_GLOBAL_ACCENT_COLOR_NAME = AccentColor;
				CODE_SIGN_STYLE = Automatic;
				CURRENT_PROJECT_VERSION = 1;
				DEVELOPMENT_TEAM = RQYPG8XK25;
				GENERATE_INFOPLIST_FILE = YES;
				INFOPLIST_FILE = TestPryaniky/Info.plist;
				INFOPLIST_KEY_UIApplicationSupportsIndirectInputEvents = YES;
				INFOPLIST_KEY_UILaunchStoryboardName = LaunchScreen;
				INFOPLIST_KEY_UISupportedInterfaceOrientations_iPad = "UIInterfaceOrientationPortrait UIInterfaceOrientationPortraitUpsideDown UIInterfaceOrientationLandscapeLeft UIInterfaceOrientationLandscapeRight";
				INFOPLIST_KEY_UISupportedInterfaceOrientations_iPhone = "UIInterfaceOrientationPortrait UIInterfaceOrientationLandscapeLeft UIInterfaceOrientationLandscapeRight";
				LD_RUNPATH_SEARCH_PATHS = (
					"$(inherited)",
					"@executable_path/Frameworks",
				);
				MARKETING_VERSION = 1.0;
				PRODUCT_BUNDLE_IDENTIFIER = com.ckost9n.TestPryaniky;
				PRODUCT_NAME = "$(TARGET_NAME)";
				SWIFT_EMIT_LOC_STRINGS = YES;
				SWIFT_VERSION = 5.0;
				TARGETED_DEVICE_FAMILY = "1,2";
			};
			name = Release;
		};
/* End XCBuildConfiguration section */

/* Begin XCConfigurationList section */
		3CB9305B2862EE45005B16C0 /* Build configuration list for PBXProject "TestPryaniky" */ = {
			isa = XCConfigurationList;
			buildConfigurations = (
				3CB930722862EE49005B16C0 /* Debug */,
				3CB930732862EE49005B16C0 /* Release */,
			);
			defaultConfigurationIsVisible = 0;
			defaultConfigurationName = Release;
		};
		3CB930742862EE49005B16C0 /* Build configuration list for PBXNativeTarget "TestPryaniky" */ = {
			isa = XCConfigurationList;
			buildConfigurations = (
				3CB930752862EE49005B16C0 /* Debug */,
				3CB930762862EE49005B16C0 /* Release */,
			);
			defaultConfigurationIsVisible = 0;
			defaultConfigurationName = Release;
		};
/* End XCConfigurationList section */
	};
	rootObject = 3CB930582862EE45005B16C0 /* Project object */;
}
